# THIS IS AN AUTOGENERATED FILE. DO NOT EDIT THIS FILE DIRECTLY.
# yarn lockfile v1


"@sindresorhus/is@^0.14.0":
  version "0.14.0"
  resolved "http://registry.npm.taobao.org/@sindresorhus/is/download/@sindresorhus/is-0.14.0.tgz#9fb3a3cf3132328151f353de4632e01e52102bea"
  integrity sha1-n7OjzzEyMoFR81PeRjLgHlIQK+o=

"@szmarczak/http-timer@^1.1.2":
  version "1.1.2"
  resolved "http://registry.npm.taobao.org/@szmarczak/http-timer/download/@szmarczak/http-timer-1.1.2.tgz#b1665e2c461a2cd92f4c1bbf50d5454de0d4b421"
  integrity sha1-sWZeLEYaLNkvTBu/UNVFTeDUtCE=
  dependencies:
    defer-to-connect "^1.0.1"

abstract-leveldown@~0.12.0:
  version "0.12.4"
  resolved "http://registry.npm.taobao.org/abstract-leveldown/download/abstract-leveldown-0.12.4.tgz#29e18e632e60e4e221d5810247852a63d7b2e410"
  integrity sha1-KeGOYy5g5OIh1YECR4UqY9ey5BA=
  dependencies:
    xtend "~3.0.0"

async-limiter@^1.0.0:
  version "1.0.0"
  resolved "http://registry.npm.taobao.org/async-limiter/download/async-limiter-1.0.0.tgz#78faed8c3d074ab81f22b4e985d79e8738f720f8"
  integrity sha1-ePrtjD0HSrgfIrTphdeehzj3IPg=

cacheable-request@^6.0.0:
  version "6.0.0"
  resolved "http://registry.npm.taobao.org/cacheable-request/download/cacheable-request-6.0.0.tgz#4a1727414e02ac4af82560c4da1b61daa3fa2b63"
  integrity sha1-ShcnQU4CrEr4JWDE2hth2qP6K2M=
  dependencies:
    clone-response "^1.0.2"
    get-stream "^4.0.0"
    http-cache-semantics "^4.0.0"
    keyv "^3.0.0"
    lowercase-keys "^1.0.1"
    normalize-url "^3.1.0"
    responselike "^1.0.2"

clone-response@^1.0.2:
  version "1.0.2"
  resolved "http://registry.npm.taobao.org/clone-response/download/clone-response-1.0.2.tgz#d1dc973920314df67fbeb94223b4ee350239e96b"
  integrity sha1-0dyXOSAxTfZ/vrlCI7TuNQI56Ws=
  dependencies:
    mimic-response "^1.0.0"

decompress-response@^3.3.0:
  version "3.3.0"
  resolved "http://registry.npm.taobao.org/decompress-response/download/decompress-response-3.3.0.tgz#80a4dd323748384bfa248083622aedec982adff3"
  integrity sha1-gKTdMjdIOEv6JICDYirt7Jgq3/M=
  dependencies:
    mimic-response "^1.0.0"

defer-to-connect@^1.0.1:
  version "1.0.2"
  resolved "http://registry.npm.taobao.org/defer-to-connect/download/defer-to-connect-1.0.2.tgz#4bae758a314b034ae33902b5aac25a8dd6a8633e"
  integrity sha1-S651ijFLA0rjOQK1qsJajdaoYz4=

duplexer3@^0.1.4:
  version "0.1.4"
  resolved "http://registry.npm.taobao.org/duplexer3/download/duplexer3-0.1.4.tgz#ee01dd1cac0ed3cbc7fdbea37dc0a8f1ce002ce2"
  integrity sha1-7gHdHKwO08vH/b6jfcCo8c4ALOI=

encoding@^0.1.11:
  version "0.1.12"
  resolved "http://registry.npm.taobao.org/encoding/download/encoding-0.1.12.tgz#538b66f3ee62cd1ab51ec323829d1f9480c74beb"
  integrity sha1-U4tm8+5izRq1HsMjgp0flIDHS+s=
  dependencies:
    iconv-lite "~0.4.13"

end-of-stream@^1.1.0:
  version "1.4.1"
  resolved "http://registry.npm.taobao.org/end-of-stream/download/end-of-stream-1.4.1.tgz#ed29634d19baba463b6ce6b80a37213eab71ec43"
  integrity sha1-7SljTRm6ukY7bOa4CjchPqtx7EM=
  dependencies:
    once "^1.4.0"

file-type@^3.8.0:
  version "3.9.0"
  resolved "http://registry.npm.taobao.org/file-type/download/file-type-3.9.0.tgz#257a078384d1db8087bc449d107d52a52672b9e9"
  integrity sha1-JXoHg4TR24CHvESdEH1SpSZyuek=

get-stream@^4.0.0, get-stream@^4.1.0:
  version "4.1.0"
  resolved "http://registry.npm.taobao.org/get-stream/download/get-stream-4.1.0.tgz#c1b255575f3dc21d59bfc79cd3d2b46b1c3a54b5"
  integrity sha1-wbJVV189wh1Zv8ec09K0axw6VLU=
  dependencies:
    pump "^3.0.0"

got@^9.6.0:
  version "9.6.0"
  resolved "http://registry.npm.taobao.org/got/download/got-9.6.0.tgz#edf45e7d67f99545705de1f7bbeeeb121765ed85"
  integrity sha1-7fRefWf5lUVwXeH3u+7rEhdl7YU=
  dependencies:
    "@sindresorhus/is" "^0.14.0"
    "@szmarczak/http-timer" "^1.1.2"
    cacheable-request "^6.0.0"
    decompress-response "^3.3.0"
    duplexer3 "^0.1.4"
    get-stream "^4.1.0"
    lowercase-keys "^1.0.1"
    mimic-response "^1.0.1"
    p-cancelable "^1.0.0"
    to-readable-stream "^1.0.0"
    url-parse-lax "^3.0.0"

http-cache-semantics@^4.0.0:
  version "4.0.3"
  resolved "http://registry.npm.taobao.org/http-cache-semantics/download/http-cache-semantics-4.0.3.tgz#495704773277eeef6e43f9ab2c2c7d259dda25c5"
  integrity sha1-SVcEdzJ37u9uQ/mrLCx9JZ3aJcU=

iconv-lite@~0.4.13:
  version "0.4.24"
  resolved "http://registry.npm.taobao.org/iconv-lite/download/iconv-lite-0.4.24.tgz#2022b4b25fbddc21d2f524974a474aafe733908b"
  integrity sha1-ICK0sl+93CHS9SSXSkdKr+czkIs=
  dependencies:
    safer-buffer ">= 2.1.2 < 3"

idb-wrapper@^1.5.0:
  version "1.7.2"
  resolved "http://registry.npm.taobao.org/idb-wrapper/download/idb-wrapper-1.7.2.tgz#8251afd5e77fe95568b1c16152eb44b396767ea2"
  integrity sha1-glGv1ed/6VVoscFhUutEs5Z2fqI=

ip-regex@^2.1.0:
  version "2.1.0"
  resolved "http://registry.npm.taobao.org/ip-regex/download/ip-regex-2.1.0.tgz#fa78bf5d2e6913c911ce9f819ee5146bb6d844e9"
  integrity sha1-+ni/XS5pE8kRzp+BnuUUa7bYROk=

is-stream@^1.0.1:
  version "1.1.0"
  resolved "http://registry.npm.taobao.org/is-stream/download/is-stream-1.1.0.tgz#12d4a3dd4e68e0b79ceb8dbc84173ae80d91ca44"
  integrity sha1-EtSj3U5o4Lec6428hBc66A2RykQ=

is-url@1.2.2:
  version "1.2.2"
  resolved "http://registry.npm.taobao.org/is-url/download/is-url-1.2.2.tgz#498905a593bf47cc2d9e7f738372bbf7696c7f26"
  integrity sha1-SYkFpZO/R8wtnn9zg3K792lsfyY=

isbuffer@~0.0.0:
  version "0.0.0"
  resolved "http://registry.npm.taobao.org/isbuffer/download/isbuffer-0.0.0.tgz#38c146d9df528b8bf9b0701c3d43cf12df3fc39b"
  integrity sha1-OMFG2d9Si4v5sHAcPUPPEt8/w5s=

isomorphic-fetch@^2.2.1:
  version "2.2.1"
  resolved "http://registry.npm.taobao.org/isomorphic-fetch/download/isomorphic-fetch-2.2.1.tgz#611ae1acf14f5e81f729507472819fe9733558a9"
  integrity sha1-YRrhrPFPXoH3KVB0coGf6XM1WKk=
  dependencies:
    node-fetch "^1.0.1"
    whatwg-fetch ">=0.10.0"

jpeg-js@^0.2.0:
  version "0.2.0"
  resolved "http://registry.npm.taobao.org/jpeg-js/download/jpeg-js-0.2.0.tgz#53e448ec9d263e683266467e9442d2c5a2ef5482"
  integrity sha1-U+RI7J0mPmgyZkZ+lELSxaLvVII=

json-buffer@3.0.0:
  version "3.0.0"
  resolved "http://registry.npm.taobao.org/json-buffer/download/json-buffer-3.0.0.tgz#5b1f397afc75d677bde8bcfc0e47e1f9a3d9a898"
  integrity sha1-Wx85evx11ne96Lz8Dkfh+aPZqJg=

keyv@^3.0.0:
  version "3.1.0"
  resolved "http://registry.npm.taobao.org/keyv/download/keyv-3.1.0.tgz#ecc228486f69991e49e9476485a5be1e8fc5c4d9"
  integrity sha1-7MIoSG9pmR5J6UdkhaW+Ho/FxNk=
  dependencies:
    json-buffer "3.0.0"

level-js@^2.2.4:
  version "2.2.4"
  resolved "http://registry.npm.taobao.org/level-js/download/level-js-2.2.4.tgz#bc055f4180635d4489b561c9486fa370e8c11697"
  integrity sha1-vAVfQYBjXUSJtWHJSG+jcOjBFpc=
  dependencies:
    abstract-leveldown "~0.12.0"
    idb-wrapper "^1.5.0"
    isbuffer "~0.0.0"
    ltgt "^2.1.2"
    typedarray-to-buffer "~1.0.0"
    xtend "~2.1.2"

lowercase-keys@^1.0.0, lowercase-keys@^1.0.1:
  version "1.0.1"
  resolved "http://registry.npm.taobao.org/lowercase-keys/download/lowercase-keys-1.0.1.tgz#6f9e30b47084d971a7c820ff15a6c5167b74c26f"
  integrity sha1-b54wtHCE2XGnyCD/FabFFnt0wm8=

ltgt@^2.1.2:
  version "2.2.1"
  resolved "http://registry.npm.taobao.org/ltgt/download/ltgt-2.2.1.tgz#f35ca91c493f7b73da0e07495304f17b31f87ee5"
  integrity sha1-81ypHEk/e3PaDgdJUwTxezH4fuU=

mimic-response@^1.0.0, mimic-response@^1.0.1:
  version "1.0.1"
  resolved "http://registry.npm.taobao.org/mimic-response/download/mimic-response-1.0.1.tgz#4923538878eef42063cb8a3e3b0798781487ab1b"
  integrity sha1-SSNTiHju9CBjy4o+OweYeBSHqxs=

node-fetch@^1.0.1, node-fetch@^1.6.3:
  version "1.7.3"
  resolved "http://registry.npm.taobao.org/node-fetch/download/node-fetch-1.7.3.tgz?cache=0&other_urls=http%3A%2F%2Fregistry.npm.taobao.org%2Fnode-fetch%2Fdownload%2Fnode-fetch-1.7.3.tgz#980f6f72d85211a5347c6b2bc18c5b84c3eb47ef"
  integrity sha1-mA9vcthSEaU0fGsrwYxbhMPrR+8=
  dependencies:
    encoding "^0.1.11"
    is-stream "^1.0.1"

normalize-url@^3.1.0:
  version "3.3.0"
  resolved "http://registry.npm.taobao.org/normalize-url/download/normalize-url-3.3.0.tgz#b2e1c4dc4f7c6d57743df733a4f5978d18650559"
  integrity sha1-suHE3E98bVd0PfczpPWXjRhlBVk=

object-assign@^4.1.0:
  version "4.1.1"
  resolved "http://registry.npm.taobao.org/object-assign/download/object-assign-4.1.1.tgz#2109adc7965887cfc05cbbd442cac8bfbb360863"
  integrity sha1-IQmtx5ZYh8/AXLvUQsrIv7s2CGM=

object-keys@~0.4.0:
  version "0.4.0"
  resolved "http://registry.npm.taobao.org/object-keys/download/object-keys-0.4.0.tgz#28a6aae7428dd2c3a92f3d95f21335dd204e0336"
  integrity sha1-KKaq50KN0sOpLz2V8hM13SBOAzY=

once@^1.3.1, once@^1.4.0:
  version "1.4.0"
  resolved "http://registry.npm.taobao.org/once/download/once-1.4.0.tgz#583b1aa775961d4b113ac17d9c50baef9dd76bd1"
  integrity sha1-WDsap3WWHUsROsF9nFC6753Xa9E=
  dependencies:
    wrappy "1"

p-cancelable@^1.0.0:
  version "1.1.0"
  resolved "http://registry.npm.taobao.org/p-cancelable/download/p-cancelable-1.1.0.tgz#d078d15a3af409220c886f1d9a0ca2e441ab26cc"
  integrity sha1-0HjRWjr0CSIMiG8dmgyi5EGrJsw=

png.js@^0.2.1:
  version "0.2.1"
  resolved "http://registry.npm.taobao.org/png.js/download/png.js-0.2.1.tgz#da6b83c134bdc101940d9ab1c98e9154affbb1f2"
  integrity sha1-2muDwTS9wQGUDZqxyY6RVK/7sfI=

prepend-http@^2.0.0:
  version "2.0.0"
  resolved "http://registry.npm.taobao.org/prepend-http/download/prepend-http-2.0.0.tgz#e92434bfa5ea8c19f41cdfd401d741a3c819d897"
  integrity sha1-6SQ0v6XqjBn0HN/UAddBo8gZ2Jc=

psl@^1.1.28:
  version "1.1.31"
  resolved "http://registry.npm.taobao.org/psl/download/psl-1.1.31.tgz#e9aa86d0101b5b105cbe93ac6b784cd547276184"
  integrity sha1-6aqG0BAbWxBcvpOsa3hM1UcnYYQ=

pump@^3.0.0:
  version "3.0.0"
  resolved "http://registry.npm.taobao.org/pump/download/pump-3.0.0.tgz#b4a2116815bde2f4e1ea602354e8c75565107a64"
  integrity sha1-tKIRaBW94vTh6mAjVOjHVWUQemQ=
  dependencies:
    end-of-stream "^1.1.0"
    once "^1.3.1"

punycode@^2.1.1:
  version "2.1.1"
  resolved "http://registry.npm.taobao.org/punycode/download/punycode-2.1.1.tgz#b58b010ac40c22c5657616c8d2c2c02c7bf479ec"
  integrity sha1-tYsBCsQMIsVldhbI0sLALHv0eew=

responselike@^1.0.2:
  version "1.0.2"
  resolved "http://registry.npm.taobao.org/responselike/download/responselike-1.0.2.tgz#918720ef3b631c5642be068f15ade5a46f4ba1e7"
  integrity sha1-kYcg7ztjHFZCvgaPFa3lpG9Loec=
  dependencies:
    lowercase-keys "^1.0.0"

"safer-buffer@>= 2.1.2 < 3":
  version "2.1.2"
  resolved "http://registry.npm.taobao.org/safer-buffer/download/safer-buffer-2.1.2.tgz#44fa161b0187b9549dd84bb91802f9bd8385cd6a"
  integrity sha1-RPoWGwGHuVSd2Eu5GAL5vYOFzWo=

tesseract.js-core@^1.0.2:
  version "1.0.2"
  resolved "http://registry.npm.taobao.org/tesseract.js-core/download/tesseract.js-core-1.0.2.tgz#1ce33a29dc812357b8356a30ededf8b188043b37"
  integrity sha1-HOM6KdyBI1e4NWow7e34sYgEOzc=

tesseract.js@^1.0.14:
  version "1.0.14"
  resolved "http://registry.npm.taobao.org/tesseract.js/download/tesseract.js-1.0.14.tgz#2548eedb7468e2ddc9260e17d1a84fe4ec7ccba3"
  integrity sha1-JUju23Ro4t3JJg4X0ahP5Ox8y6M=
  dependencies:
    file-type "^3.8.0"
    is-url "1.2.2"
    isomorphic-fetch "^2.2.1"
    jpeg-js "^0.2.0"
    level-js "^2.2.4"
    node-fetch "^1.6.3"
    object-assign "^4.1.0"
    png.js "^0.2.1"
    tesseract.js-core "^1.0.2"

to-readable-stream@^1.0.0:
  version "1.0.0"
  resolved "http://registry.npm.taobao.org/to-readable-stream/download/to-readable-stream-1.0.0.tgz#ce0aa0c2f3df6adf852efb404a783e77c0475771"
  integrity sha1-zgqgwvPfat+FLvtASng+d8BHV3E=

tough-cookie@^3.0.1:
  version "3.0.1"
  resolved "http://registry.npm.taobao.org/tough-cookie/download/tough-cookie-3.0.1.tgz#9df4f57e739c26930a018184887f4adb7dca73b2"
  integrity sha1-nfT1fnOcJpMKAYGEiH9K233Kc7I=
  dependencies:
    ip-regex "^2.1.0"
    psl "^1.1.28"
    punycode "^2.1.1"

typedarray-to-buffer@~1.0.0:
  version "1.0.4"
  resolved "http://registry.npm.taobao.org/typedarray-to-buffer/download/typedarray-to-buffer-1.0.4.tgz#9bb8ba0e841fb3f4cf1fe7c245e9f3fa8a5fe99c"
  integrity sha1-m7i6DoQfs/TPH+fCRenz+opf6Zw=

url-parse-lax@^3.0.0:
  version "3.0.0"
  resolved "http://registry.npm.taobao.org/url-parse-lax/download/url-parse-lax-3.0.0.tgz#16b5cafc07dbe3676c1b1999177823d6503acb0c"
  integrity sha1-FrXK/Afb42dsGxmZF3gj1lA6yww=
  dependencies:
    prepend-http "^2.0.0"

whatwg-fetch@>=0.10.0:
  version "3.0.0"
  resolved "http://registry.npm.taobao.org/whatwg-fetch/download/whatwg-fetch-3.0.0.tgz#fc804e458cc460009b1a2b966bc8817d2578aefb"
  integrity sha1-/IBORYzEYACbGiuWa8iBfSV4rvs=

wrappy@1:
  version "1.0.2"
  resolved "http://registry.npm.taobao.org/wrappy/download/wrappy-1.0.2.tgz#b5243d8f3ec1aa35f1364605bc0d1036e30ab69f"
  integrity sha1-tSQ9jz7BqjXxNkYFvA0QNuMKtp8=

xtend@~2.1.2:
  version "2.1.2"
  resolved "http://registry.npm.taobao.org/xtend/download/xtend-2.1.2.tgz#6efecc2a4dad8e6962c4901b337ce7ba87b5d28b"
  integrity sha1-bv7MKk2tjmlixJAbM3znuoe10os=
  dependencies:
    object-keys "~0.4.0"

xtend@~3.0.0:
  version "3.0.0"
  resolved "http://registry.npm.taobao.org/xtend/download/xtend-3.0.0.tgz#5cce7407baf642cba7becda568111c493f59665a"
  integrity sha1-XM50B7r2Qsunvs2laBEcST9ZZlo=
